// !$*UTF8*$!
{
	archiveVersion = 1;
	classes = {
	};
	objectVersion = 48;
	objects = {

/* Begin PBXBuildFile section */
		300D307B20E34F3400A68C8A /* AppDelegate.swift in Sources */ = {isa = PBXBuildFile; fileRef = 300D307A20E34F3400A68C8A /* AppDelegate.swift */; };
		300D307D20E34F3400A68C8A /* ViewController.swift in Sources */ = {isa = PBXBuildFile; fileRef = 300D307C20E34F3400A68C8A /* ViewController.swift */; };
		300D308020E34F3400A68C8A /* Main.storyboard in Resources */ = {isa = PBXBuildFile; fileRef = 300D307E20E34F3400A68C8A /* Main.storyboard */; };
		300D308320E34F3400A68C8A /* MemoryGame.xcdatamodeld in Sources */ = {isa = PBXBuildFile; fileRef = 300D308120E34F3400A68C8A /* MemoryGame.xcdatamodeld */; };
		300D308520E34F3400A68C8A /* Assets.xcassets in Resources */ = {isa = PBXBuildFile; fileRef = 300D308420E34F3400A68C8A /* Assets.xcassets */; };
		300D308820E34F3400A68C8A /* LaunchScreen.storyboard in Resources */ = {isa = PBXBuildFile; fileRef = 300D308620E34F3400A68C8A /* LaunchScreen.storyboard */; };
		73F13C7001AF58219E6EFF47 /* Pods_MemoryGame.framework in Frameworks */ = {isa = PBXBuildFile; fileRef = 27988DBB6AD5E2B197211EF8 /* Pods_MemoryGame.framework */; };
/* End PBXBuildFile section */

/* Begin PBXFileReference section */
		27988DBB6AD5E2B197211EF8 /* Pods_MemoryGame.framework */ = {isa = PBXFileReference; explicitFileType = wrapper.framework; includeInIndex = 0; path = Pods_MemoryGame.framework; sourceTree = BUILT_PRODUCTS_DIR; };
		300D307720E34F3400A68C8A /* MemoryGame.app */ = {isa = PBXFileReference; explicitFileType = wrapper.application; includeInIndex = 0; path = MemoryGame.app; sourceTree = BUILT_PRODUCTS_DIR; };
		300D307A20E34F3400A68C8A /* AppDelegate.swift */ = {isa = PBXFileReference; lastKnownFileType = sourcecode.swift; path = AppDelegate.swift; sourceTree = "<group>"; };
		300D307C20E34F3400A68C8A /* ViewController.swift */ = {isa = PBXFileReference; lastKnownFileType = sourcecode.swift; path = ViewController.swift; sourceTree = "<group>"; };
		300D307F20E34F3400A68C8A /* Base */ = {isa = PBXFileReference; lastKnownFileType = file.storyboard; name = Base; path = Base.lproj/Main.storyboard; sourceTree = "<group>"; };
		300D308220E34F3400A68C8A /* MemoryGame.xcdatamodel */ = {isa = PBXFileReference; lastKnownFileType = wrapper.xcdatamodel; path = MemoryGame.xcdatamodel; sourceTree = "<group>"; };
		300D308420E34F3400A68C8A /* Assets.xcassets */ = {isa = PBXFileReference; lastKnownFileType = folder.assetcatalog; path = Assets.xcassets; sourceTree = "<group>"; };
		300D308720E34F3400A68C8A /* Base */ = {isa = PBXFileReference; lastKnownFileType = file.storyboard; name = Base; path = Base.lproj/LaunchScreen.storyboard; sourceTree = "<group>"; };
		300D308920E34F3400A68C8A /* Info.plist */ = {isa = PBXFileReference; lastKnownFileType = text.plist.xml; path = Info.plist; sourceTree = "<group>"; };
		82825FF2ED1C53DE41581651 /* Pods-MemoryGame.release.xcconfig */ = {isa = PBXFileReference; includeInIndex = 1; lastKnownFileType = text.xcconfig; name = "Pods-MemoryGame.release.xcconfig"; path = "Pods/Target Support Files/Pods-MemoryGame/Pods-MemoryGame.release.xcconfig"; sourceTree = "<group>"; };
		85FE63FC80199EEBFB3866CD /* Pods-MemoryGame.debug.xcconfig */ = {isa = PBXFileReference; includeInIndex = 1; lastKnownFileType = text.xcconfig; name = "Pods-MemoryGame.debug.xcconfig"; path = "Pods/Target Support Files/Pods-MemoryGame/Pods-MemoryGame.debug.xcconfig"; sourceTree = "<group>"; };
/* End PBXFileReference section */

/* Begin PBXFrameworksBuildPhase section */
		300D307420E34F3400A68C8A /* Frameworks */ = {
			isa = PBXFrameworksBuildPhase;
			buildActionMask = 2147483647;
			files = (
				73F13C7001AF58219E6EFF47 /* Pods_MemoryGame.framework in Frameworks */,
			);
			runOnlyForDeploymentPostprocessing = 0;
		};
/* End PBXFrameworksBuildPhase section */

/* Begin PBXGroup section */
		300D306E20E34F3400A68C8A = {
			isa = PBXGroup;
			children = (
				300D307920E34F3400A68C8A /* MemoryGame */,
				300D307820E34F3400A68C8A /* Products */,
				4EDBAB7AE17554E6F63B4093 /* Pods */,
				5F46B71747E1EDEA970126FD /* Frameworks */,
			);
			sourceTree = "<group>";
		};
		300D307820E34F3400A68C8A /* Products */ = {
			isa = PBXGroup;
			children = (
				300D307720E34F3400A68C8A /* MemoryGame.app */,
			);
			name = Products;
			sourceTree = "<group>";
		};
		300D307920E34F3400A68C8A /* MemoryGame */ = {
			isa = PBXGroup;
			children = (
				300D307A20E34F3400A68C8A /* AppDelegate.swift */,
				300D307C20E34F3400A68C8A /* ViewController.swift */,
				300D307E20E34F3400A68C8A /* Main.storyboard */,
				300D308420E34F3400A68C8A /* Assets.xcassets */,
				300D308620E34F3400A68C8A /* LaunchScreen.storyboard */,
				300D308920E34F3400A68C8A /* Info.plist */,
				300D308120E34F3400A68C8A /* MemoryGame.xcdatamodeld */,
			);
			path = MemoryGame;
			sourceTree = "<group>";
		};
		4EDBAB7AE17554E6F63B4093 /* Pods */ = {
			isa = PBXGroup;
			children = (
				85FE63FC80199EEBFB3866CD /* Pods-MemoryGame.debug.xcconfig */,
				82825FF2ED1C53DE41581651 /* Pods-MemoryGame.release.xcconfig */,
			);
			name = Pods;
			sourceTree = "<group>";
		};
		5F46B71747E1EDEA970126FD /* Frameworks */ = {
			isa = PBXGroup;
			children = (
				27988DBB6AD5E2B197211EF8 /* Pods_MemoryGame.framework */,
			);
			name = Frameworks;
			sourceTree = "<group>";
		};
/* End PBXGroup section */

/* Begin PBXNativeTarget section */
		300D307620E34F3400A68C8A /* MemoryGame */ = {
			isa = PBXNativeTarget;
			buildConfigurationList = 300D308C20E34F3400A68C8A /* Build configuration list for PBXNativeTarget "MemoryGame" */;
			buildPhases = (
				9D31A779F7B98D29210DC3FA /* [CP] Check Pods Manifest.lock */,
				300D307320E34F3400A68C8A /* Sources */,
				300D307420E34F3400A68C8A /* Frameworks */,
				300D307520E34F3400A68C8A /* Resources */,
				80E6F1360F1A09B20C72957E /* [CP] Embed Pods Frameworks */,
				EEB87CBAC8B9AB30AB2E32B9 /* [CP] Copy Pods Resources */,
			);
			buildRules = (
			);
			dependencies = (
			);
			name = MemoryGame;
			productName = MemoryGame;
			productReference = 300D307720E34F3400A68C8A /* MemoryGame.app */;
			productType = "com.apple.product-type.application";
		};
/* End PBXNativeTarget section */

/* Begin PBXProject section */
		300D306F20E34F3400A68C8A /* Project object */ = {
			isa = PBXProject;
			attributes = {
				LastSwiftUpdateCheck = 0920;
				LastUpgradeCheck = 0920;
				ORGANIZATIONNAME = "Wan Ching";
				TargetAttributes = {
					300D307620E34F3400A68C8A = {
						CreatedOnToolsVersion = 9.2;
						ProvisioningStyle = Automatic;
					};
				};
			};
			buildConfigurationList = 300D307220E34F3400A68C8A /* Build configuration list for PBXProject "MemoryGame" */;
			compatibilityVersion = "Xcode 8.0";
			developmentRegion = en;
			hasScannedForEncodings = 0;
			knownRegions = (
				en,
				Base,
			);
			mainGroup = 300D306E20E34F3400A68C8A;
			productRefGroup = 300D307820E34F3400A68C8A /* Products */;
			projectDirPath = "";
			projectRoot = "";
			targets = (
				300D307620E34F3400A68C8A /* MemoryGame */,
			);
		};
/* End PBXProject section */

/* Begin PBXResourcesBuildPhase section */
		300D307520E34F3400A68C8A /* Resources */ = {
			isa = PBXResourcesBuildPhase;
			buildActionMask = 2147483647;
			files = (
				300D308820E34F3400A68C8A /* LaunchScreen.storyboard in Resources */,
				300D308520E34F3400A68C8A /* Assets.xcassets in Resources */,
				300D308020E34F3400A68C8A /* Main.storyboard in Resources */,
			);
			runOnlyForDeploymentPostprocessing = 0;
		};
/* End PBXResourcesBuildPhase section */

/* Begin PBXShellScriptBuildPhase section */
		80E6F1360F1A09B20C72957E /* [CP] Embed Pods Frameworks */ = {
			isa = PBXShellScriptBuildPhase;
			buildActionMask = 2147483647;
			files = (
			);
			inputPaths = (
				"${SRCROOT}/Pods/Target Support Files/Pods-MemoryGame/Pods-MemoryGame-frameworks.sh",
				"${BUILT_PRODUCTS_DIR}/Alamofire/Alamofire.framework",
			);
			name = "[CP] Embed Pods Frameworks";
			outputPaths = (
				"${TARGET_BUILD_DIR}/${FRAMEWORKS_FOLDER_PATH}/Alamofire.framework",
			);
			runOnlyForDeploymentPostprocessing = 0;
			shellPath = /bin/sh;
			shellScript = "\"${SRCROOT}/Pods/Target Support Files/Pods-MemoryGame/Pods-MemoryGame-frameworks.sh\"\n";
			showEnvVarsInLog = 0;
		};
		9D31A779F7B98D29210DC3FA /* [CP] Check Pods Manifest.lock */ = {
			isa = PBXShellScriptBuildPhase;
			buildActionMask = 2147483647;
			files = (
			);
			inputPaths = (
				"${PODS_PODFILE_DIR_PATH}/Podfile.lock",
				"${PODS_ROOT}/Manifest.lock",
			);
			name = "[CP] Check Pods Manifest.lock";
			outputPaths = (
				"$(DERIVED_FILE_DIR)/Pods-MemoryGame-checkManifestLockResult.txt",
			);
			runOnlyForDeploymentPostprocessing = 0;
			shellPath = /bin/sh;
			shellScript = "diff \"${PODS_PODFILE_DIR_PATH}/Podfile.lock\" \"${PODS_ROOT}/Manifest.lock\" > /dev/null\nif [ $? != 0 ] ; then\n    # print error to STDERR\n    echo \"error: The sandbox is not in sync with the Podfile.lock. Run 'pod install' or update your CocoaPods installation.\" >&2\n    exit 1\nfi\n# This output is used by Xcode 'outputs' to avoid re-running this script phase.\necho \"SUCCESS\" > \"${SCRIPT_OUTPUT_FILE_0}\"\n";
			showEnvVarsInLog = 0;
		};
		EEB87CBAC8B9AB30AB2E32B9 /* [CP] Copy Pods Resources */ = {
			isa = PBXShellScriptBuildPhase;
			buildActionMask = 2147483647;
			files = (
			);
			inputPaths = (
			);
			name = "[CP] Copy Pods Resources";
			outputPaths = (
			);
			runOnlyForDeploymentPostprocessing = 0;
			shellPath = /bin/sh;
			shellScript = "\"${SRCROOT}/Pods/Target Support Files/Pods-MemoryGame/Pods-MemoryGame-resources.sh\"\n";
			showEnvVarsInLog = 0;
		};
/* End PBXShellScriptBuildPhase section */

/* Begin PBXSourcesBuildPhase section */
		300D307320E34F3400A68C8A /* Sources */ = {
			isa = PBXSourcesBuildPhase;
			buildActionMask = 2147483647;
			files = (
				300D307D20E34F3400A68C8A /* ViewController.swift in Sources */,
				300D307B20E34F3400A68C8A /* AppDelegate.swift in Sources */,
				300D308320E34F3400A68C8A /* MemoryGame.xcdatamodeld in Sources */,
			);
			runOnlyForDeploymentPostprocessing = 0;
		};
/* End PBXSourcesBuildPhase section */

/* Begin PBXVariantGroup section */
		300D307E20E34F3400A68C8A /* Main.storyboard */ = {
			isa = PBXVariantGroup;
			children = (
				300D307F20E34F3400A68C8A /* Base */,
			);
			name = Main.storyboard;
			sourceTree = "<group>";
		};
		300D308620E34F3400A68C8A /* LaunchScreen.storyboard */ = {
			isa = PBXVariantGroup;
			children = (
				300D308720E34F3400A68C8A /* Base */,
			);
			name = LaunchScreen.storyboard;
			sourceTree = "<group>";
		};
/* End PBXVariantGroup section */

/* Begin XCBuildConfiguration section */
		300D308A20E34F3400A68C8A /* Debug */ = {
			isa = XCBuildConfiguration;
			buildSettings = {
				ALWAYS_SEARCH_USER_PATHS = NO;
				CLANG_ANALYZER_NONNULL = YES;
				CLANG_ANALYZER_NUMBER_OBJECT_CONVERSION = YES_AGGRESSIVE;
				CLANG_CXX_LANGUAGE_STANDARD = "gnu++14";
				CLANG_CXX_LIBRARY = "libc++";
				CLANG_ENABLE_MODULES = YES;
				CLANG_ENABLE_OBJC_ARC = YES;
				CLANG_WARN_BLOCK_CAPTURE_AUTORELEASING = YES;
				CLANG_WARN_BOOL_CONVERSION = YES;
				CLANG_WARN_COMMA = YES;
				CLANG_WARN_CONSTANT_CONVERSION = YES;
				CLANG_WARN_DIRECT_OBJC_ISA_USAGE = YES_ERROR;
				CLANG_WARN_DOCUMENTATION_COMMENTS = YES;
				CLANG_WARN_EMPTY_BODY = YES;
				CLANG_WARN_ENUM_CONVERSION = YES;
				CLANG_WARN_INFINITE_RECURSION = YES;
				CLANG_WARN_INT_CONVERSION = YES;
				CLANG_WARN_NON_LITERAL_NULL_CONVERSION = YES;
				CLANG_WARN_OBJC_LITERAL_CONVERSION = YES;
				CLANG_WARN_OBJC_ROOT_CLASS = YES_ERROR;
				CLANG_WARN_RANGE_LOOP_ANALYSIS = YES;
				CLANG_WARN_STRICT_PROTOTYPES = YES;
				CLANG_WARN_SUSPICIOUS_MOVE = YES;
				CLANG_WARN_UNGUARDED_AVAILABILITY = YES_AGGRESSIVE;
				CLANG_WARN_UNREACHABLE_CODE = YES;
				CLANG_WARN__DUPLICATE_METHOD_MATCH = YES;
				CODE_SIGN_IDENTITY = "iPhone Developer";
				COPY_PHASE_STRIP = NO;
				DEBUG_INFORMATION_FORMAT = dwarf;
				ENABLE_STRICT_OBJC_MSGSEND = YES;
				ENABLE_TESTABILITY = YES;
				GCC_C_LANGUAGE_STANDARD = gnu11;
				GCC_DYNAMIC_NO_PIC = NO;
				GCC_NO_COMMON_BLOCKS = YES;
				GCC_OPTIMIZATION_LEVEL = 0;
				GCC_PREPROCESSOR_DEFINITIONS = (
					"DEBUG=1",
					"$(inherited)",
				);
				GCC_WARN_64_TO_32_BIT_CONVERSION = YES;
				GCC_WARN_ABOUT_RETURN_TYPE = YES_ERROR;
				GCC_WARN_UNDECLARED_SELECTOR = YES;
				GCC_WARN_UNINITIALIZED_AUTOS = YES_AGGRESSIVE;
				GCC_WARN_UNUSED_FUNCTION = YES;
				GCC_WARN_UNUSED_VARIABLE = YES;
				IPHONEOS_DEPLOYMENT_TARGET = 11.2;
				MTL_ENABLE_DEBUG_INFO = YES;
				ONLY_ACTIVE_ARCH = YES;
				SDKROOT = iphoneos;
				SWIFT_ACTIVE_COMPILATION_CONDITIONS = DEBUG;
				SWIFT_OPTIMIZATION_LEVEL = "-Onone";
			};
			name = Debug;
		};
		300D308B20E34F3400A68C8A /* Release */ = {
			isa = XCBuildConfiguration;
			buildSettings = {
				ALWAYS_SEARCH_USER_PATHS = NO;
				CLANG_ANALYZER_NONNULL = YES;
				CLANG_ANALYZER_NUMBER_OBJECT_CONVERSION = YES_AGGRESSIVE;
				CLANG_CXX_LANGUAGE_STANDARD = "gnu++14";
				CLANG_CXX_LIBRARY = "libc++";
				CLANG_ENABLE_MODULES = YES;
				CLANG_ENABLE_OBJC_ARC = YES;
				CLANG_WARN_BLOCK_CAPTURE_AUTORELEASING = YES;
				CLANG_WARN_BOOL_CONVERSION = YES;
				CLANG_WARN_COMMA = YES;
				CLANG_WARN_CONSTANT_CONVERSION = YES;
				CLANG_WARN_DIRECT_OBJC_ISA_USAGE = YES_ERROR;
				CLANG_WARN_DOCUMENTATION_COMMENTS = YES;
				CLANG_WARN_EMPTY_BODY = YES;
				CLANG_WARN_ENUM_CONVERSION = YES;
				CLANG_WARN_INFINITE_RECURSION = YES;
				CLANG_WARN_INT_CONVERSION = YES;
				CLANG_WARN_NON_LITERAL_NULL_CONVERSION = YES;
				CLANG_WARN_OBJC_LITERAL_CONVERSION = YES;
				CLANG_WARN_OBJC_ROOT_CLASS = YES_ERROR;
				CLANG_WARN_RANGE_LOOP_ANALYSIS = YES;
				CLANG_WARN_STRICT_PROTOTYPES = YES;
				CLANG_WARN_SUSPICIOUS_MOVE = YES;
				CLANG_WARN_UNGUARDED_AVAILABILITY = YES_AGGRESSIVE;
				CLANG_WARN_UNREACHABLE_CODE = YES;
				CLANG_WARN__DUPLICATE_METHOD_MATCH = YES;
				CODE_SIGN_IDENTITY = "iPhone Developer";
				COPY_PHASE_STRIP = NO;
				DEBUG_INFORMATION_FORMAT = "dwarf-with-dsym";
				ENABLE_NS_ASSERTIONS = NO;
				ENABLE_STRICT_OBJC_MSGSEND = YES;
				GCC_C_LANGUAGE_STANDARD = gnu11;
				GCC_NO_COMMON_BLOCKS = YES;
				GCC_WARN_64_TO_32_BIT_CONVERSION = YES;
				GCC_WARN_ABOUT_RETURN_TYPE = YES_ERROR;
				GCC_WARN_UNDECLARED_SELECTOR = YES;
				GCC_WARN_UNINITIALIZED_AUTOS = YES_AGGRESSIVE;
				GCC_WARN_UNUSED_FUNCTION = YES;
				GCC_WARN_UNUSED_VARIABLE = YES;
				IPHONEOS_DEPLOYMENT_TARGET = 11.2;
				MTL_ENABLE_DEBUG_INFO = NO;
				SDKROOT = iphoneos;
				SWIFT_OPTIMIZATION_LEVEL = "-Owholemodule";
				VALIDATE_PRODUCT = YES;
			};
			name = Release;
		};
		300D308D20E34F3400A68C8A /* Debug */ = {
			isa = XCBuildConfiguration;
			baseConfigurationReference = 85FE63FC80199EEBFB3866CD /* Pods-MemoryGame.debug.xcconfig */;
			buildSettings = {
				ASSETCATALOG_COMPILER_APPICON_NAME = AppIcon;
				CODE_SIGN_STYLE = Automatic;
				INFOPLIST_FILE = MemoryGame/Info.plist;
				LD_RUNPATH_SEARCH_PATHS = "$(inherited) @executable_path/Frameworks";
				PRODUCT_BUNDLE_IDENTIFIER = com.wanching.MemoryGame;
				PRODUCT_NAME = "$(TARGET_NAME)";
				SWIFT_VERSION = 4.0;
				TARGETED_DEVICE_FAMILY = "1,2";
			};
			name = Debug;
		};
		300D308E20E34F3400A68C8A /* Release */ = {
			isa = XCBuildConfiguration;
			baseConfigurationReference = 82825FF2ED1C53DE41581651 /* Pods-MemoryGame.release.xcconfig */;
			buildSettings = {
				ASSETCATALOG_COMPILER_APPICON_NAME = AppIcon;
				CODE_SIGN_STYLE = Automatic;
				INFOPLIST_FILE = MemoryGame/Info.plist;
				LD_RUNPATH_SEARCH_PATHS = "$(inherited) @executable_path/Frameworks";
				PRODUCT_BUNDLE_IDENTIFIER = com.wanching.MemoryGame;
				PRODUCT_NAME = "$(TARGET_NAME)";
				SWIFT_VERSION = 4.0;
				TARGETED_DEVICE_FAMILY = "1,2";
			};
			name = Release;
		};
/* End XCBuildConfiguration section */

/* Begin XCConfigurationList section */
		300D307220E34F3400A68C8A /* Build configuration list for PBXProject "MemoryGame" */ = {
			isa = XCConfigurationList;
			buildConfigurations = (
				300D308A20E34F3400A68C8A /* Debug */,
				300D308B20E34F3400A68C8A /* Release */,
			);
			defaultConfigurationIsVisible = 0;
			defaultConfigurationName = Release;
		};
		300D308C20E34F3400A68C8A /* Build configuration list for PBXNativeTarget "MemoryGame" */ = {
			isa = XCConfigurationList;
			buildConfigurations = (
				300D308D20E34F3400A68C8A /* Debug */,
				300D308E20E34F3400A68C8A /* Release */,
			);
			defaultConfigurationIsVisible = 0;
			defaultConfigurationName = Release;
		};
/* End XCConfigurationList section */

/* Begin XCVersionGroup section */
		300D308120E34F3400A68C8A /* MemoryGame.xcdatamodeld */ = {
			isa = XCVersionGroup;
			children = (
				300D308220E34F3400A68C8A /* MemoryGame.xcdatamodel */,
			);
			currentVersion = 300D308220E34F3400A68C8A /* MemoryGame.xcdatamodel */;
			path = MemoryGame.xcdatamodeld;
			sourceTree = "<group>";
			versionGroupType = wrapper.xcdatamodel;
		};
/* End XCVersionGroup section */
	};
	rootObject = 300D306F20E34F3400A68C8A /* Project object */;
}
